<?xml version="1.0" encoding="UTF-8" standalone="yes" ?>
<CodeBlocks_project_file>
	<FileVersion major="1" minor="6" />
	<Project>
		<Option title="OgrenciKayit2" />
		<Option pch_mode="2" />
		<Option compiler="gcc" />
		<Build>
			<Target title="Debug">
				<Option output="bin/Debug/OgrenciKayit2" prefix_auto="1" extension_auto="1" />
				<Option object_output="obj/Debug/" />
				<Option type="1" />
				<Option compiler="gcc" />
				<Compiler>
					<Add option="-g" />
				</Compiler>
			</Target>
			<Target title="Release">
				<Option output="bin/Release/OgrenciKayit2" prefix_auto="1" extension_auto="1" />
				<Option object_output="obj/Release/" />
				<Option type="1" />
				<Option compiler="gcc" />
				<Compiler>
					<Add option="-O2" />
				</Compiler>
				<Linker>
					<Add option="-s" />
				</Linker>
			</Target>
		</Build>
		<Compiler>
			<Add option="-Wall" />
		</Compiler>
		<Unit filename="Ders.cpp" />
		<Unit filename="Ders.h" />
		<Unit filename="Isim.cpp" />
		<Unit filename="Isim.h" />
		<Unit filename="Menu.cpp" />
		<Unit filename="Menu.h" />
		<Unit filename="Ogrenci.cpp" />
		<Unit filename="Ogrenci.h" />
		<Unit filename="dogumTarihi.cpp" />
		<Unit filename="dogumTarihi.h" />
		<Unit filename="main.cpp" />
		<Unit filename="ogrenciler.txt" />
		<Extensions />
	</Project>
</CodeBlocks_project_file>
